
Microsoft Visual Studio Solution File, Format Version 12.00
# Visual Studio Version 17
VisualStudioVersion = 17.12.35707.178 d17.12
MinimumVisualStudioVersion = 10.0.40219.1
Project("{FAE04EC0-301F-11D3-BF4B-00C04F79EFBC}") = "SmartShell", "SmartShell\SmartShell.csproj", "{D330F8FF-6714-4D02-9F72-11A6D09B91C1}"
EndProject
Project("{FAE04EC0-301F-11D3-BF4B-00C04F79EFBC}") = "TestApp", "TestApp\TestApp.csproj", "{1F3AD76A-9055-43E3-8099-A6B42EE7932F}"
EndProject
Global
	GlobalSection(SolutionConfigurationPlatforms) = preSolution
		Debug|Any CPU = Debug|Any CPU
		Release|Any CPU = Release|Any CPU
	EndGlobalSection
	GlobalSection(ProjectConfigurationPlatforms) = postSolution
		{D330F8FF-6714-4D02-9F72-11A6D09B91C1}.Debug|Any CPU.ActiveCfg = Debug|Any CPU
		{D330F8FF-6714-4D02-9F72-11A6D09B91C1}.Debug|Any CPU.Build.0 = Debug|Any CPU
		{D330F8FF-6714-4D02-9F72-11A6D09B91C1}.Release|Any CPU.ActiveCfg = Release|Any CPU
		{D330F8FF-6714-4D02-9F72-11A6D09B91C1}.Release|Any CPU.Build.0 = Release|Any CPU
		{1F3AD76A-9055-43E3-8099-A6B42EE7932F}.Debug|Any CPU.ActiveCfg = Debug|Any CPU
		{1F3AD76A-9055-43E3-8099-A6B42EE7932F}.Debug|Any CPU.Build.0 = Debug|Any CPU
		{1F3AD76A-9055-43E3-8099-A6B42EE7932F}.Release|Any CPU.ActiveCfg = Release|Any CPU
		{1F3AD76A-9055-43E3-8099-A6B42EE7932F}.Release|Any CPU.Build.0 = Release|Any CPU
	EndGlobalSection
	GlobalSection(SolutionProperties) = preSolution
		HideSolutionNode = FALSE
	EndGlobalSection
EndGlobal
